{
  "nodes": {
    "home-manager": {
      "inputs": {
        "nixpkgs": [
          "nixpkgs"
        ],
        "utils": "utils"
      },
      "locked": {
        "lastModified": 1666463764,
        "narHash": "sha256-NmayV9S0s7CgNEA2QbIxDU0VCIiX6bIHu8PCQPnYHDM=",
        "owner": "nix-community",
        "repo": "home-manager",
        "rev": "69d19b9839638fc487b370e0600a03577a559081",
        "type": "github"
      },
      "original": {
        "owner": "nix-community",
        "repo": "home-manager",
        "type": "github"
      }
    },
    "nixpkgs": {
      "locked": {
        "lastModified": 1666454850,
        "narHash": "sha256-TyP5n8k0uAxwmg81msWb08QXVTnE2tZAYoQq/H7h33A=",
        "owner": "nixos",
        "repo": "nixpkgs",
        "rev": "31acb601e388eb7d552f137dbe5cb4677fdf1c3c",
        "type": "github"
      },
      "original": {
        "owner": "nixos",
        "ref": "nixpkgs-unstable",
        "repo": "nixpkgs",
        "type": "github"
      }
    },
    "root": {
      "inputs": {
        "home-manager": "home-manager",
        "nixpkgs": "nixpkgs"
      }
    },
    "utils": {
      "locked": {
        "lastModified": 1659877975,
        "narHash": "sha256-zllb8aq3YO3h8B/U0/J1WBgAL8EX5yWf5pMj3G0NAmc=",
        "owner": "numtide",
        "repo": "flake-utils",
        "rev": "c0e246b9b83f637f4681389ecabcb2681b4f3af0",
        "type": "github"
      },
      "original": {
        "owner": "numtide",
        "repo": "flake-utils",
        "type": "github"
      }
    }
  },
  "root": "root",
  "version": 7
}
